
Microsoft Visual Studio Solution File, Format Version 12.00
# Visual Studio Version 17
VisualStudioVersion = 17.11.35222.181
MinimumVisualStudioVersion = 10.0.40219.1
Project("{FAE04EC0-301F-11D3-BF4B-00C04F79EFBC}") = "Programming_technologies_1.1.12", "Programming_technologies_1.1.12\Programming_technologies_1.1.12.csproj", "{8AAAA6C2-BE52-478E-9590-3D1FA0896AA9}"
EndProject
Project("{FAE04EC0-301F-11D3-BF4B-00C04F79EFBC}") = "Programming_technologies_1.1.12Tests", "Programming_technologies_1.1.12Tests\Programming_technologies_1.1.12Tests.csproj", "{26DA3B6F-9FBA-41EC-B305-E4EF51E22964}"
EndProject
Global
	GlobalSection(SolutionConfigurationPlatforms) = preSolution
		Debug|Any CPU = Debug|Any CPU
		Release|Any CPU = Release|Any CPU
	EndGlobalSection
	GlobalSection(ProjectConfigurationPlatforms) = postSolution
		{8AAAA6C2-BE52-478E-9590-3D1FA0896AA9}.Debug|Any CPU.ActiveCfg = Debug|Any CPU
		{8AAAA6C2-BE52-478E-9590-3D1FA0896AA9}.Debug|Any CPU.Build.0 = Debug|Any CPU
		{8AAAA6C2-BE52-478E-9590-3D1FA0896AA9}.Release|Any CPU.ActiveCfg = Release|Any CPU
		{8AAAA6C2-BE52-478E-9590-3D1FA0896AA9}.Release|Any CPU.Build.0 = Release|Any CPU
		{26DA3B6F-9FBA-41EC-B305-E4EF51E22964}.Debug|Any CPU.ActiveCfg = Debug|Any CPU
		{26DA3B6F-9FBA-41EC-B305-E4EF51E22964}.Debug|Any CPU.Build.0 = Debug|Any CPU
		{26DA3B6F-9FBA-41EC-B305-E4EF51E22964}.Release|Any CPU.ActiveCfg = Release|Any CPU
		{26DA3B6F-9FBA-41EC-B305-E4EF51E22964}.Release|Any CPU.Build.0 = Release|Any CPU
	EndGlobalSection
	GlobalSection(SolutionProperties) = preSolution
		HideSolutionNode = FALSE
	EndGlobalSection
	GlobalSection(ExtensibilityGlobals) = postSolution
		SolutionGuid = {2EAE6F00-A0AE-475B-B32A-B55D0726F9F2}
	EndGlobalSection
EndGlobal
